
Microsoft Visual Studio Solution File, Format Version 12.00
# Visual Studio Version 17
VisualStudioVersion = 17.4.33213.308
MinimumVisualStudioVersion = 10.0.40219.1
Project("{FAE04EC0-301F-11D3-BF4B-00C04F79EFBC}") = "Diary", "Diary\Diary.csproj", "{6AE33D1F-0FE6-407B-A842-E19A8D2B32EB}"
EndProject
Global
	GlobalSection(SolutionConfigurationPlatforms) = preSolution
		Debug|Any CPU = Debug|Any CPU
		Release|Any CPU = Release|Any CPU
	EndGlobalSection
	GlobalSection(ProjectConfigurationPlatforms) = postSolution
		{6AE33D1F-0FE6-407B-A842-E19A8D2B32EB}.Debug|Any CPU.ActiveCfg = Debug|Any CPU
		{6AE33D1F-0FE6-407B-A842-E19A8D2B32EB}.Debug|Any CPU.Build.0 = Debug|Any CPU
		{6AE33D1F-0FE6-407B-A842-E19A8D2B32EB}.Release|Any CPU.ActiveCfg = Release|Any CPU
		{6AE33D1F-0FE6-407B-A842-E19A8D2B32EB}.Release|Any CPU.Build.0 = Release|Any CPU
	EndGlobalSection
	GlobalSection(SolutionProperties) = preSolution
		HideSolutionNode = FALSE
	EndGlobalSection
	GlobalSection(ExtensibilityGlobals) = postSolution
		SolutionGuid = {ED5DDF15-62D2-4581-A61C-5562567AE2DC}
	EndGlobalSection
EndGlobal
